
Microsoft Visual Studio Solution File, Format Version 9.00
# Visual Studio 2005
Project("{FAE04EC0-301F-11D3-BF4B-00C04F79EFBC}") = "cui", "cui.csproj", "{B71C106E-779A-448D-B16A-AD626C9E8305}"
EndProject
Global
	GlobalSection(SolutionConfigurationPlatforms) = preSolution
		Debug|Any CPU = Debug|Any CPU
		Release|Any CPU = Release|Any CPU
	EndGlobalSection
	GlobalSection(ProjectConfigurationPlatforms) = postSolution
		{B71C106E-779A-448D-B16A-AD626C9E8305}.Debug|Any CPU.ActiveCfg = Debug|Any CPU
		{B71C106E-779A-448D-B16A-AD626C9E8305}.Debug|Any CPU.Build.0 = Debug|Any CPU
		{B71C106E-779A-448D-B16A-AD626C9E8305}.Release|Any CPU.ActiveCfg = Release|Any CPU
		{B71C106E-779A-448D-B16A-AD626C9E8305}.Release|Any CPU.Build.0 = Release|Any CPU
	EndGlobalSection
	GlobalSection(SolutionProperties) = preSolution
		HideSolutionNode = FALSE
	EndGlobalSection
EndGlobal
